# THIS IS AN AUTOGENERATED FILE. DO NOT EDIT THIS FILE DIRECTLY.
# yarn lockfile v1


"@socketsupply/tonic@^15.1.1":
  version "15.1.1"
  resolved "https://registry.yarnpkg.com/@socketsupply/tonic/-/tonic-15.1.1.tgz#f67d78d6db873cec20d00ed950e622d4e9ae94dc"
  integrity sha512-MKNqppxfoMGMwoVkR2BGb8Nvfu86mFq8JMGh9Qrev8+FPDQ1LbH97OM0FkpH/gFdBeEGOqMK9QJcKpsTd/vGAg==
